
Microsoft Visual Studio Solution File, Format Version 12.00
# Visual Studio Version 17
VisualStudioVersion = 17.5.002.0
MinimumVisualStudioVersion = 10.0.40219.1
Project("{9A19103F-16F7-4668-BE54-9A1E7A4F7556}") = "SingleResponsability", "1-SingleResponsability\SingleResponsability.csproj", "{5B9608C9-1E01-4813-87A3-6B35A898733D}"
EndProject
Project("{9A19103F-16F7-4668-BE54-9A1E7A4F7556}") = "OpenClose", "2-OpenClose\OpenClose.csproj", "{820C2AD0-B010-4419-B59D-160FF0DBCB22}"
EndProject
Project("{9A19103F-16F7-4668-BE54-9A1E7A4F7556}") = "LiskovSubstitution", "3-LiskovSubstitution\LiskovSubstitution.csproj", "{F5A5BC03-EBEA-4C81-A815-8ED9B85A3712}"
EndProject
Project("{9A19103F-16F7-4668-BE54-9A1E7A4F7556}") = "InterfaceSegregation", "4-InterfaceSegregation\InterfaceSegregation.csproj", "{501406C3-382C-466D-8B53-903EDB7944B6}"
EndProject
Project("{2150E333-8FDC-42A3-9474-1A3956D46DE8}") = "5-DependencyInversion", "5-DependencyInversion", "{702EB56A-298F-499F-B46F-661DF300F6CD}"
EndProject
Project("{9A19103F-16F7-4668-BE54-9A1E7A4F7556}") = "DependencyInversion", "5-DependencyInversion\Api\DependencyInversion.csproj", "{BC87F7CF-24FC-4D30-953D-61E0ED901E65}"
EndProject
Project("{9A19103F-16F7-4668-BE54-9A1E7A4F7556}") = "Api.Tests", "5-DependencyInversion\Api.Tests\Api.Tests.csproj", "{22AE851E-9DDD-4EBC-BC85-BDD87E4CB6E1}"
EndProject
Global
	GlobalSection(SolutionConfigurationPlatforms) = preSolution
		Debug|Any CPU = Debug|Any CPU
		Release|Any CPU = Release|Any CPU
	EndGlobalSection
	GlobalSection(ProjectConfigurationPlatforms) = postSolution
		{5B9608C9-1E01-4813-87A3-6B35A898733D}.Debug|Any CPU.ActiveCfg = Debug|Any CPU
		{5B9608C9-1E01-4813-87A3-6B35A898733D}.Debug|Any CPU.Build.0 = Debug|Any CPU
		{5B9608C9-1E01-4813-87A3-6B35A898733D}.Release|Any CPU.ActiveCfg = Release|Any CPU
		{5B9608C9-1E01-4813-87A3-6B35A898733D}.Release|Any CPU.Build.0 = Release|Any CPU
		{820C2AD0-B010-4419-B59D-160FF0DBCB22}.Debug|Any CPU.ActiveCfg = Debug|Any CPU
		{820C2AD0-B010-4419-B59D-160FF0DBCB22}.Debug|Any CPU.Build.0 = Debug|Any CPU
		{820C2AD0-B010-4419-B59D-160FF0DBCB22}.Release|Any CPU.ActiveCfg = Release|Any CPU
		{820C2AD0-B010-4419-B59D-160FF0DBCB22}.Release|Any CPU.Build.0 = Release|Any CPU
		{F5A5BC03-EBEA-4C81-A815-8ED9B85A3712}.Debug|Any CPU.ActiveCfg = Debug|Any CPU
		{F5A5BC03-EBEA-4C81-A815-8ED9B85A3712}.Debug|Any CPU.Build.0 = Debug|Any CPU
		{F5A5BC03-EBEA-4C81-A815-8ED9B85A3712}.Release|Any CPU.ActiveCfg = Release|Any CPU
		{F5A5BC03-EBEA-4C81-A815-8ED9B85A3712}.Release|Any CPU.Build.0 = Release|Any CPU
		{501406C3-382C-466D-8B53-903EDB7944B6}.Debug|Any CPU.ActiveCfg = Debug|Any CPU
		{501406C3-382C-466D-8B53-903EDB7944B6}.Debug|Any CPU.Build.0 = Debug|Any CPU
		{501406C3-382C-466D-8B53-903EDB7944B6}.Release|Any CPU.ActiveCfg = Release|Any CPU
		{501406C3-382C-466D-8B53-903EDB7944B6}.Release|Any CPU.Build.0 = Release|Any CPU
		{BC87F7CF-24FC-4D30-953D-61E0ED901E65}.Debug|Any CPU.ActiveCfg = Debug|Any CPU
		{BC87F7CF-24FC-4D30-953D-61E0ED901E65}.Debug|Any CPU.Build.0 = Debug|Any CPU
		{BC87F7CF-24FC-4D30-953D-61E0ED901E65}.Release|Any CPU.ActiveCfg = Release|Any CPU
		{BC87F7CF-24FC-4D30-953D-61E0ED901E65}.Release|Any CPU.Build.0 = Release|Any CPU
		{22AE851E-9DDD-4EBC-BC85-BDD87E4CB6E1}.Debug|Any CPU.ActiveCfg = Debug|Any CPU
		{22AE851E-9DDD-4EBC-BC85-BDD87E4CB6E1}.Debug|Any CPU.Build.0 = Debug|Any CPU
		{22AE851E-9DDD-4EBC-BC85-BDD87E4CB6E1}.Release|Any CPU.ActiveCfg = Release|Any CPU
		{22AE851E-9DDD-4EBC-BC85-BDD87E4CB6E1}.Release|Any CPU.Build.0 = Release|Any CPU
	EndGlobalSection
	GlobalSection(SolutionProperties) = preSolution
		HideSolutionNode = FALSE
	EndGlobalSection
	GlobalSection(NestedProjects) = preSolution
		{BC87F7CF-24FC-4D30-953D-61E0ED901E65} = {702EB56A-298F-499F-B46F-661DF300F6CD}
		{22AE851E-9DDD-4EBC-BC85-BDD87E4CB6E1} = {702EB56A-298F-499F-B46F-661DF300F6CD}
	EndGlobalSection
	GlobalSection(ExtensibilityGlobals) = postSolution
		SolutionGuid = {90778822-FFEA-4E21-9B8B-7C14ECA251C1}
	EndGlobalSection
EndGlobal
